
Microsoft Visual Studio Solution File, Format Version 12.00
# Visual Studio Version 16
VisualStudioVersion = 25.0.1706.13
MinimumVisualStudioVersion = 10.0.40219.1
Project("{FAE04EC0-301F-11D3-BF4B-00C04F79EFBC}") = "InfotrackAPI", "InfotrackAPI\InfotrackAPI.csproj", "{FEE420B7-3495-4680-A03B-AAEB406EF1AE}"
EndProject
Project("{FAE04EC0-301F-11D3-BF4B-00C04F79EFBC}") = "InfortrackAPI.UnitTests", "InfortrackAPI.UnitTests\InfortrackAPI.UnitTests.csproj", "{796F6953-3AF7-4AD9-B9F5-579C770DF451}"
EndProject
Global
	GlobalSection(SolutionConfigurationPlatforms) = preSolution
		Debug|Any CPU = Debug|Any CPU
		Release|Any CPU = Release|Any CPU
	EndGlobalSection
	GlobalSection(ProjectConfigurationPlatforms) = postSolution
		{FEE420B7-3495-4680-A03B-AAEB406EF1AE}.Debug|Any CPU.ActiveCfg = Debug|Any CPU
		{FEE420B7-3495-4680-A03B-AAEB406EF1AE}.Debug|Any CPU.Build.0 = Debug|Any CPU
		{FEE420B7-3495-4680-A03B-AAEB406EF1AE}.Release|Any CPU.ActiveCfg = Release|Any CPU
		{FEE420B7-3495-4680-A03B-AAEB406EF1AE}.Release|Any CPU.Build.0 = Release|Any CPU
		{796F6953-3AF7-4AD9-B9F5-579C770DF451}.Debug|Any CPU.ActiveCfg = Debug|Any CPU
		{796F6953-3AF7-4AD9-B9F5-579C770DF451}.Debug|Any CPU.Build.0 = Debug|Any CPU
		{796F6953-3AF7-4AD9-B9F5-579C770DF451}.Release|Any CPU.ActiveCfg = Release|Any CPU
		{796F6953-3AF7-4AD9-B9F5-579C770DF451}.Release|Any CPU.Build.0 = Release|Any CPU
	EndGlobalSection
	GlobalSection(SolutionProperties) = preSolution
		HideSolutionNode = FALSE
	EndGlobalSection
	GlobalSection(ExtensibilityGlobals) = postSolution
		SolutionGuid = {0DCE7057-C729-4151-AEC6-3F890CBB4D6D}
	EndGlobalSection
EndGlobal
